
Microsoft Visual Studio Solution File, Format Version 12.00
# Visual Studio Version 16
VisualStudioVersion = 16.0.30907.101
MinimumVisualStudioVersion = 10.0.40219.1
Project("{FAE04EC0-301F-11D3-BF4B-00C04F79EFBC}") = "baitapnet01", "baitapnet01\baitapnet01.csproj", "{525ABBF5-B60A-4AA3-85DE-0981D8F2DB5E}"
EndProject
Global
	GlobalSection(SolutionConfigurationPlatforms) = preSolution
		Debug|Any CPU = Debug|Any CPU
		Release|Any CPU = Release|Any CPU
	EndGlobalSection
	GlobalSection(ProjectConfigurationPlatforms) = postSolution
		{525ABBF5-B60A-4AA3-85DE-0981D8F2DB5E}.Debug|Any CPU.ActiveCfg = Debug|Any CPU
		{525ABBF5-B60A-4AA3-85DE-0981D8F2DB5E}.Debug|Any CPU.Build.0 = Debug|Any CPU
		{525ABBF5-B60A-4AA3-85DE-0981D8F2DB5E}.Release|Any CPU.ActiveCfg = Release|Any CPU
		{525ABBF5-B60A-4AA3-85DE-0981D8F2DB5E}.Release|Any CPU.Build.0 = Release|Any CPU
	EndGlobalSection
	GlobalSection(SolutionProperties) = preSolution
		HideSolutionNode = FALSE
	EndGlobalSection
	GlobalSection(ExtensibilityGlobals) = postSolution
		SolutionGuid = {238ECFE6-2B8B-4903-A481-4A8FD032BB15}
	EndGlobalSection
EndGlobal
